
Microsoft Visual Studio Solution File, Format Version 12.00
# Visual Studio 15
VisualStudioVersion = 15.0.28307.645
MinimumVisualStudioVersion = 10.0.40219.1
Project("{FAE04EC0-301F-11D3-BF4B-00C04F79EFBC}") = "WatchTimeWS", "WatchTimeWS\WatchTimeWS.csproj", "{99DAF906-142E-4F2F-BA7B-2A23183EDA90}"
EndProject
Project("{FAE04EC0-301F-11D3-BF4B-00C04F79EFBC}") = "WatchTimeWSRunner", "..\WatchTimeWSRunner\WatchTimeWSRunner\WatchTimeWSRunner.csproj", "{6C38C048-1714-4DCF-81E4-EB4D00FD916B}"
	ProjectSection(ProjectDependencies) = postProject
		{99DAF906-142E-4F2F-BA7B-2A23183EDA90} = {99DAF906-142E-4F2F-BA7B-2A23183EDA90}
	EndProjectSection
EndProject
Global
	GlobalSection(SolutionConfigurationPlatforms) = preSolution
		Debug|Any CPU = Debug|Any CPU
		Release|Any CPU = Release|Any CPU
	EndGlobalSection
	GlobalSection(ProjectConfigurationPlatforms) = postSolution
		{99DAF906-142E-4F2F-BA7B-2A23183EDA90}.Debug|Any CPU.ActiveCfg = Debug|Any CPU
		{99DAF906-142E-4F2F-BA7B-2A23183EDA90}.Debug|Any CPU.Build.0 = Debug|Any CPU
		{99DAF906-142E-4F2F-BA7B-2A23183EDA90}.Release|Any CPU.ActiveCfg = Release|Any CPU
		{99DAF906-142E-4F2F-BA7B-2A23183EDA90}.Release|Any CPU.Build.0 = Release|Any CPU
		{6C38C048-1714-4DCF-81E4-EB4D00FD916B}.Debug|Any CPU.ActiveCfg = Debug|Any CPU
		{6C38C048-1714-4DCF-81E4-EB4D00FD916B}.Debug|Any CPU.Build.0 = Debug|Any CPU
		{6C38C048-1714-4DCF-81E4-EB4D00FD916B}.Release|Any CPU.ActiveCfg = Release|Any CPU
		{6C38C048-1714-4DCF-81E4-EB4D00FD916B}.Release|Any CPU.Build.0 = Release|Any CPU
	EndGlobalSection
	GlobalSection(SolutionProperties) = preSolution
		HideSolutionNode = FALSE
	EndGlobalSection
	GlobalSection(ExtensibilityGlobals) = postSolution
		SolutionGuid = {6AF58291-5C68-4ED7-A10E-E72BB4F60444}
	EndGlobalSection
EndGlobal
